
Microsoft Visual Studio Solution File, Format Version 12.00
# Visual Studio 15
VisualStudioVersion = 15.0.28010.2016
MinimumVisualStudioVersion = 10.0.40219.1
Project("{FAE04EC0-301F-11D3-BF4B-00C04F79EFBC}") = "HomeTask8", "HomeTask8\HomeTask8.csproj", "{D5BC4C65-5808-4985-8158-B796CB72A577}"
EndProject
Global
	GlobalSection(SolutionConfigurationPlatforms) = preSolution
		Debug|Any CPU = Debug|Any CPU
		Release|Any CPU = Release|Any CPU
	EndGlobalSection
	GlobalSection(ProjectConfigurationPlatforms) = postSolution
		{D5BC4C65-5808-4985-8158-B796CB72A577}.Debug|Any CPU.ActiveCfg = Debug|Any CPU
		{D5BC4C65-5808-4985-8158-B796CB72A577}.Debug|Any CPU.Build.0 = Debug|Any CPU
		{D5BC4C65-5808-4985-8158-B796CB72A577}.Release|Any CPU.ActiveCfg = Release|Any CPU
		{D5BC4C65-5808-4985-8158-B796CB72A577}.Release|Any CPU.Build.0 = Release|Any CPU
	EndGlobalSection
	GlobalSection(SolutionProperties) = preSolution
		HideSolutionNode = FALSE
	EndGlobalSection
	GlobalSection(ExtensibilityGlobals) = postSolution
		SolutionGuid = {B7D1A27E-8906-4065-9C71-602B5BF47349}
	EndGlobalSection
EndGlobal
